
Microsoft Visual Studio Solution File, Format Version 12.00
# Visual Studio Version 17
VisualStudioVersion = 17.0.31903.59
MinimumVisualStudioVersion = 10.0.40219.1
Project("{FAE04EC0-301F-11D3-BF4B-00C04F79EFBC}") = "API", "API\API.csproj", "{C78FA066-693A-4F72-9B32-969083E4E6B5}"
EndProject
Project("{FAE04EC0-301F-11D3-BF4B-00C04F79EFBC}") = "Application", "Application\Application.csproj", "{78B1DEAD-8547-48D0-AF13-9F2155CB71CD}"
EndProject
Project("{FAE04EC0-301F-11D3-BF4B-00C04F79EFBC}") = "Infrastructure", "Infrastructure\Infrastructure.csproj", "{733DB267-D5C3-4A27-9F19-6B956F4FDE8A}"
EndProject
Global
	GlobalSection(SolutionConfigurationPlatforms) = preSolution
		Debug|Any CPU = Debug|Any CPU
		Debug|x64 = Debug|x64
		Debug|x86 = Debug|x86
		Release|Any CPU = Release|Any CPU
		Release|x64 = Release|x64
		Release|x86 = Release|x86
	EndGlobalSection
	GlobalSection(ProjectConfigurationPlatforms) = postSolution
		{C78FA066-693A-4F72-9B32-969083E4E6B5}.Debug|Any CPU.ActiveCfg = Debug|Any CPU
		{C78FA066-693A-4F72-9B32-969083E4E6B5}.Debug|Any CPU.Build.0 = Debug|Any CPU
		{C78FA066-693A-4F72-9B32-969083E4E6B5}.Debug|x64.ActiveCfg = Debug|Any CPU
		{C78FA066-693A-4F72-9B32-969083E4E6B5}.Debug|x64.Build.0 = Debug|Any CPU
		{C78FA066-693A-4F72-9B32-969083E4E6B5}.Debug|x86.ActiveCfg = Debug|Any CPU
		{C78FA066-693A-4F72-9B32-969083E4E6B5}.Debug|x86.Build.0 = Debug|Any CPU
		{C78FA066-693A-4F72-9B32-969083E4E6B5}.Release|Any CPU.ActiveCfg = Release|Any CPU
		{C78FA066-693A-4F72-9B32-969083E4E6B5}.Release|Any CPU.Build.0 = Release|Any CPU
		{C78FA066-693A-4F72-9B32-969083E4E6B5}.Release|x64.ActiveCfg = Release|Any CPU
		{C78FA066-693A-4F72-9B32-969083E4E6B5}.Release|x64.Build.0 = Release|Any CPU
		{C78FA066-693A-4F72-9B32-969083E4E6B5}.Release|x86.ActiveCfg = Release|Any CPU
		{C78FA066-693A-4F72-9B32-969083E4E6B5}.Release|x86.Build.0 = Release|Any CPU
		{78B1DEAD-8547-48D0-AF13-9F2155CB71CD}.Debug|Any CPU.ActiveCfg = Debug|Any CPU
		{78B1DEAD-8547-48D0-AF13-9F2155CB71CD}.Debug|Any CPU.Build.0 = Debug|Any CPU
		{78B1DEAD-8547-48D0-AF13-9F2155CB71CD}.Debug|x64.ActiveCfg = Debug|Any CPU
		{78B1DEAD-8547-48D0-AF13-9F2155CB71CD}.Debug|x64.Build.0 = Debug|Any CPU
		{78B1DEAD-8547-48D0-AF13-9F2155CB71CD}.Debug|x86.ActiveCfg = Debug|Any CPU
		{78B1DEAD-8547-48D0-AF13-9F2155CB71CD}.Debug|x86.Build.0 = Debug|Any CPU
		{78B1DEAD-8547-48D0-AF13-9F2155CB71CD}.Release|Any CPU.ActiveCfg = Release|Any CPU
		{78B1DEAD-8547-48D0-AF13-9F2155CB71CD}.Release|Any CPU.Build.0 = Release|Any CPU
		{78B1DEAD-8547-48D0-AF13-9F2155CB71CD}.Release|x64.ActiveCfg = Release|Any CPU
		{78B1DEAD-8547-48D0-AF13-9F2155CB71CD}.Release|x64.Build.0 = Release|Any CPU
		{78B1DEAD-8547-48D0-AF13-9F2155CB71CD}.Release|x86.ActiveCfg = Release|Any CPU
		{78B1DEAD-8547-48D0-AF13-9F2155CB71CD}.Release|x86.Build.0 = Release|Any CPU
		{733DB267-D5C3-4A27-9F19-6B956F4FDE8A}.Debug|Any CPU.ActiveCfg = Debug|Any CPU
		{733DB267-D5C3-4A27-9F19-6B956F4FDE8A}.Debug|Any CPU.Build.0 = Debug|Any CPU
		{733DB267-D5C3-4A27-9F19-6B956F4FDE8A}.Debug|x64.ActiveCfg = Debug|Any CPU
		{733DB267-D5C3-4A27-9F19-6B956F4FDE8A}.Debug|x64.Build.0 = Debug|Any CPU
		{733DB267-D5C3-4A27-9F19-6B956F4FDE8A}.Debug|x86.ActiveCfg = Debug|Any CPU
		{733DB267-D5C3-4A27-9F19-6B956F4FDE8A}.Debug|x86.Build.0 = Debug|Any CPU
		{733DB267-D5C3-4A27-9F19-6B956F4FDE8A}.Release|Any CPU.ActiveCfg = Release|Any CPU
		{733DB267-D5C3-4A27-9F19-6B956F4FDE8A}.Release|Any CPU.Build.0 = Release|Any CPU
		{733DB267-D5C3-4A27-9F19-6B956F4FDE8A}.Release|x64.ActiveCfg = Release|Any CPU
		{733DB267-D5C3-4A27-9F19-6B956F4FDE8A}.Release|x64.Build.0 = Release|Any CPU
		{733DB267-D5C3-4A27-9F19-6B956F4FDE8A}.Release|x86.ActiveCfg = Release|Any CPU
		{733DB267-D5C3-4A27-9F19-6B956F4FDE8A}.Release|x86.Build.0 = Release|Any CPU
	EndGlobalSection
	GlobalSection(SolutionProperties) = preSolution
		HideSolutionNode = FALSE
	EndGlobalSection
EndGlobal
